
Microsoft Visual Studio Solution File, Format Version 12.00
# Visual Studio Version 17
VisualStudioVersion = 17.1.32421.90
MinimumVisualStudioVersion = 10.0.40219.1
Project("{9A19103F-16F7-4668-BE54-9A1E7A4F7556}") = "FamilyPrinter", "src\FamilyPrinter\FamilyPrinter.csproj", "{56B6B72C-EF21-40BF-B83F-AD6E5F4CA8F3}"
EndProject
Project("{FAE04EC0-301F-11D3-BF4B-00C04F79EFBC}") = "FamilyPrinterTest", "FamilyPrinterTest\FamilyPrinterTest.csproj", "{418DBDFA-02A1-40D9-A9EC-0E0982833168}"
EndProject
Global
	GlobalSection(SolutionConfigurationPlatforms) = preSolution
		Debug|Any CPU = Debug|Any CPU
		Release|Any CPU = Release|Any CPU
	EndGlobalSection
	GlobalSection(ProjectConfigurationPlatforms) = postSolution
		{56B6B72C-EF21-40BF-B83F-AD6E5F4CA8F3}.Debug|Any CPU.ActiveCfg = Debug|Any CPU
		{56B6B72C-EF21-40BF-B83F-AD6E5F4CA8F3}.Debug|Any CPU.Build.0 = Debug|Any CPU
		{56B6B72C-EF21-40BF-B83F-AD6E5F4CA8F3}.Release|Any CPU.ActiveCfg = Release|Any CPU
		{56B6B72C-EF21-40BF-B83F-AD6E5F4CA8F3}.Release|Any CPU.Build.0 = Release|Any CPU
		{418DBDFA-02A1-40D9-A9EC-0E0982833168}.Debug|Any CPU.ActiveCfg = Debug|Any CPU
		{418DBDFA-02A1-40D9-A9EC-0E0982833168}.Debug|Any CPU.Build.0 = Debug|Any CPU
		{418DBDFA-02A1-40D9-A9EC-0E0982833168}.Release|Any CPU.ActiveCfg = Release|Any CPU
		{418DBDFA-02A1-40D9-A9EC-0E0982833168}.Release|Any CPU.Build.0 = Release|Any CPU
	EndGlobalSection
	GlobalSection(SolutionProperties) = preSolution
		HideSolutionNode = FALSE
	EndGlobalSection
	GlobalSection(ExtensibilityGlobals) = postSolution
		SolutionGuid = {7D35442C-3AB4-4F4F-A85C-73AE973A10B7}
	EndGlobalSection
EndGlobal
